
Microsoft Visual Studio Solution File, Format Version 12.00
# Visual Studio Version 17
VisualStudioVersion = 17.0.31815.197
MinimumVisualStudioVersion = 10.0.40219.1
Project("{9A19103F-16F7-4668-BE54-9A1E7A4F7556}") = "Stock.Infrastructure", "Assemblies\Infrastructure\Stock.Infrastructure.csproj", "{4152EB6E-F450-4B55-AFFB-6C4B8AB8DC3B}"
EndProject
Project("{9A19103F-16F7-4668-BE54-9A1E7A4F7556}") = "Stock.Domain", "Assemblies\Domain\Stock.Domain.csproj", "{71AF9B67-3F44-495A-98FF-546FF414BD8C}"
EndProject
Project("{9A19103F-16F7-4668-BE54-9A1E7A4F7556}") = "ConsoleApp", "Apps\ConsoleApp\ConsoleApp.csproj", "{C1031EC3-83CE-4234-8E1E-1562E84C0CAF}"
EndProject
Project("{2150E333-8FDC-42A3-9474-1A3956D46DE8}") = "Apps", "Apps", "{A6729EB2-BE75-4FE3-9B1C-16BC241CD374}"
EndProject
Project("{9A19103F-16F7-4668-BE54-9A1E7A4F7556}") = "WpfApp", "Apps\WpfApp\WpfApp.csproj", "{672C0C6A-167D-49D1-8617-8CB21E0507AA}"
EndProject
Project("{2150E333-8FDC-42A3-9474-1A3956D46DE8}") = "Assemblies", "Assemblies", "{73BCEEA5-9860-4DC4-897E-449568746B81}"
EndProject
Project("{9A19103F-16F7-4668-BE54-9A1E7A4F7556}") = "LiveChartsCore.SkiaSharpView", "SupportLibraries\skiasharp\LiveChartsCore.SkiaSharp\LiveChartsCore.SkiaSharpView.csproj", "{D0886626-5EF8-42A4-84CE-E1E04ADE413C}"
EndProject
Project("{9A19103F-16F7-4668-BE54-9A1E7A4F7556}") = "LiveChartsCore.SkiaSharpView.WPF", "SupportLibraries\skiasharp\LiveChartsCore.SkiaSharp.WPF\LiveChartsCore.SkiaSharpView.WPF.csproj", "{E702E547-44F4-4970-BCAD-7203F33C9E1E}"
EndProject
Project("{9A19103F-16F7-4668-BE54-9A1E7A4F7556}") = "LiveChartsCore", "SupportLibraries\LiveChartsCore\LiveChartsCore.csproj", "{A2EB15D9-6899-4AD0-A1B9-C401D73CD8F7}"
EndProject
Project("{2150E333-8FDC-42A3-9474-1A3956D46DE8}") = "SupportLibraries", "SupportLibraries", "{F7757F42-8048-4192-9594-8D7C33C66715}"
EndProject
Project("{9A19103F-16F7-4668-BE54-9A1E7A4F7556}") = "MVVM", "SupportLibraries\MVVM\MVVM.csproj", "{21E81B8C-AF75-4A95-A96A-8093A0ABBD9C}"
EndProject
Project("{FAE04EC0-301F-11D3-BF4B-00C04F79EFBC}") = "WpfAppTest", "Apps\WpfAppTest\WpfAppTest.csproj", "{E603F018-1C66-4A5F-B4B0-479C690697F7}"
EndProject
Global
	GlobalSection(SolutionConfigurationPlatforms) = preSolution
		Debug|Any CPU = Debug|Any CPU
		Release|Any CPU = Release|Any CPU
	EndGlobalSection
	GlobalSection(ProjectConfigurationPlatforms) = postSolution
		{4152EB6E-F450-4B55-AFFB-6C4B8AB8DC3B}.Debug|Any CPU.ActiveCfg = Debug|Any CPU
		{4152EB6E-F450-4B55-AFFB-6C4B8AB8DC3B}.Debug|Any CPU.Build.0 = Debug|Any CPU
		{4152EB6E-F450-4B55-AFFB-6C4B8AB8DC3B}.Release|Any CPU.ActiveCfg = Release|Any CPU
		{4152EB6E-F450-4B55-AFFB-6C4B8AB8DC3B}.Release|Any CPU.Build.0 = Release|Any CPU
		{71AF9B67-3F44-495A-98FF-546FF414BD8C}.Debug|Any CPU.ActiveCfg = Debug|Any CPU
		{71AF9B67-3F44-495A-98FF-546FF414BD8C}.Debug|Any CPU.Build.0 = Debug|Any CPU
		{71AF9B67-3F44-495A-98FF-546FF414BD8C}.Release|Any CPU.ActiveCfg = Release|Any CPU
		{71AF9B67-3F44-495A-98FF-546FF414BD8C}.Release|Any CPU.Build.0 = Release|Any CPU
		{C1031EC3-83CE-4234-8E1E-1562E84C0CAF}.Debug|Any CPU.ActiveCfg = Debug|Any CPU
		{C1031EC3-83CE-4234-8E1E-1562E84C0CAF}.Debug|Any CPU.Build.0 = Debug|Any CPU
		{C1031EC3-83CE-4234-8E1E-1562E84C0CAF}.Release|Any CPU.ActiveCfg = Release|Any CPU
		{C1031EC3-83CE-4234-8E1E-1562E84C0CAF}.Release|Any CPU.Build.0 = Release|Any CPU
		{672C0C6A-167D-49D1-8617-8CB21E0507AA}.Debug|Any CPU.ActiveCfg = Debug|Any CPU
		{672C0C6A-167D-49D1-8617-8CB21E0507AA}.Debug|Any CPU.Build.0 = Debug|Any CPU
		{672C0C6A-167D-49D1-8617-8CB21E0507AA}.Release|Any CPU.ActiveCfg = Release|Any CPU
		{672C0C6A-167D-49D1-8617-8CB21E0507AA}.Release|Any CPU.Build.0 = Release|Any CPU
		{D0886626-5EF8-42A4-84CE-E1E04ADE413C}.Debug|Any CPU.ActiveCfg = Debug|Any CPU
		{D0886626-5EF8-42A4-84CE-E1E04ADE413C}.Debug|Any CPU.Build.0 = Debug|Any CPU
		{D0886626-5EF8-42A4-84CE-E1E04ADE413C}.Release|Any CPU.ActiveCfg = Release|Any CPU
		{D0886626-5EF8-42A4-84CE-E1E04ADE413C}.Release|Any CPU.Build.0 = Release|Any CPU
		{E702E547-44F4-4970-BCAD-7203F33C9E1E}.Debug|Any CPU.ActiveCfg = Debug|Any CPU
		{E702E547-44F4-4970-BCAD-7203F33C9E1E}.Debug|Any CPU.Build.0 = Debug|Any CPU
		{E702E547-44F4-4970-BCAD-7203F33C9E1E}.Release|Any CPU.ActiveCfg = Release|Any CPU
		{E702E547-44F4-4970-BCAD-7203F33C9E1E}.Release|Any CPU.Build.0 = Release|Any CPU
		{A2EB15D9-6899-4AD0-A1B9-C401D73CD8F7}.Debug|Any CPU.ActiveCfg = Debug|Any CPU
		{A2EB15D9-6899-4AD0-A1B9-C401D73CD8F7}.Debug|Any CPU.Build.0 = Debug|Any CPU
		{A2EB15D9-6899-4AD0-A1B9-C401D73CD8F7}.Release|Any CPU.ActiveCfg = Release|Any CPU
		{A2EB15D9-6899-4AD0-A1B9-C401D73CD8F7}.Release|Any CPU.Build.0 = Release|Any CPU
		{21E81B8C-AF75-4A95-A96A-8093A0ABBD9C}.Debug|Any CPU.ActiveCfg = Debug|Any CPU
		{21E81B8C-AF75-4A95-A96A-8093A0ABBD9C}.Debug|Any CPU.Build.0 = Debug|Any CPU
		{21E81B8C-AF75-4A95-A96A-8093A0ABBD9C}.Release|Any CPU.ActiveCfg = Release|Any CPU
		{21E81B8C-AF75-4A95-A96A-8093A0ABBD9C}.Release|Any CPU.Build.0 = Release|Any CPU
		{E603F018-1C66-4A5F-B4B0-479C690697F7}.Debug|Any CPU.ActiveCfg = Debug|Any CPU
		{E603F018-1C66-4A5F-B4B0-479C690697F7}.Debug|Any CPU.Build.0 = Debug|Any CPU
		{E603F018-1C66-4A5F-B4B0-479C690697F7}.Release|Any CPU.ActiveCfg = Release|Any CPU
		{E603F018-1C66-4A5F-B4B0-479C690697F7}.Release|Any CPU.Build.0 = Release|Any CPU
	EndGlobalSection
	GlobalSection(SolutionProperties) = preSolution
		HideSolutionNode = FALSE
	EndGlobalSection
	GlobalSection(NestedProjects) = preSolution
		{4152EB6E-F450-4B55-AFFB-6C4B8AB8DC3B} = {73BCEEA5-9860-4DC4-897E-449568746B81}
		{71AF9B67-3F44-495A-98FF-546FF414BD8C} = {73BCEEA5-9860-4DC4-897E-449568746B81}
		{C1031EC3-83CE-4234-8E1E-1562E84C0CAF} = {A6729EB2-BE75-4FE3-9B1C-16BC241CD374}
		{672C0C6A-167D-49D1-8617-8CB21E0507AA} = {A6729EB2-BE75-4FE3-9B1C-16BC241CD374}
		{D0886626-5EF8-42A4-84CE-E1E04ADE413C} = {F7757F42-8048-4192-9594-8D7C33C66715}
		{E702E547-44F4-4970-BCAD-7203F33C9E1E} = {F7757F42-8048-4192-9594-8D7C33C66715}
		{A2EB15D9-6899-4AD0-A1B9-C401D73CD8F7} = {F7757F42-8048-4192-9594-8D7C33C66715}
		{21E81B8C-AF75-4A95-A96A-8093A0ABBD9C} = {F7757F42-8048-4192-9594-8D7C33C66715}
	EndGlobalSection
	GlobalSection(ExtensibilityGlobals) = postSolution
		SolutionGuid = {69D35285-1A6D-4F64-8DD6-20A36BC97A7D}
	EndGlobalSection
EndGlobal
