
Microsoft Visual Studio Solution File, Format Version 12.00
# Visual Studio Version 16
VisualStudioVersion = 16.0.31702.278
MinimumVisualStudioVersion = 10.0.40219.1
Project("{FAE04EC0-301F-11D3-BF4B-00C04F79EFBC}") = "DbFirstDemo", "DbFirstDemo.csproj", "{5C4A28F7-EF30-4C6B-BF82-483809F4A79F}"
EndProject
Global
	GlobalSection(SolutionConfigurationPlatforms) = preSolution
		Debug|Any CPU = Debug|Any CPU
		Release|Any CPU = Release|Any CPU
	EndGlobalSection
	GlobalSection(ProjectConfigurationPlatforms) = postSolution
		{5C4A28F7-EF30-4C6B-BF82-483809F4A79F}.Debug|Any CPU.ActiveCfg = Debug|Any CPU
		{5C4A28F7-EF30-4C6B-BF82-483809F4A79F}.Debug|Any CPU.Build.0 = Debug|Any CPU
		{5C4A28F7-EF30-4C6B-BF82-483809F4A79F}.Release|Any CPU.ActiveCfg = Release|Any CPU
		{5C4A28F7-EF30-4C6B-BF82-483809F4A79F}.Release|Any CPU.Build.0 = Release|Any CPU
	EndGlobalSection
	GlobalSection(SolutionProperties) = preSolution
		HideSolutionNode = FALSE
	EndGlobalSection
	GlobalSection(ExtensibilityGlobals) = postSolution
		SolutionGuid = {87402ED3-F589-4E16-B6AB-FFF6B4377BC3}
	EndGlobalSection
EndGlobal
